{
  "version": 4,
  "terraform_version": "0.12.25",
  "serial": 40,
  "lineage": "3343641e-d8ab-0805-c04a-576bfd6c6776",
  "outputs": {},
  "resources": [
    {
      "mode": "managed",
      "type": "azurerm_network_interface",
      "name": "Test01-instance",
      "provider": "provider.azurerm",
      "instances": [
        {
          "schema_version": 0,
          "attributes": {
            "applied_dns_servers": [],
            "dns_servers": [],
            "enable_accelerated_networking": false,
            "enable_ip_forwarding": false,
            "id": "/subscriptions/53e27966-3c0c-4161-9b47-3df43eabc630/resourceGroups/first-steps-TFLinux/providers/Microsoft.Network/networkInterfaces/azterraform-instance1",
            "internal_dns_name_label": "",
            "internal_fqdn": "",
            "ip_configuration": [
              {
                "application_gateway_backend_address_pools_ids": [],
                "application_security_group_ids": [],
                "load_balancer_backend_address_pools_ids": [],
                "load_balancer_inbound_nat_rules_ids": [],
                "name": "instance1",
                "primary": true,
                "private_ip_address": "",
                "private_ip_address_allocation": "dynamic",
                "private_ip_address_version": "IPv4",
                "public_ip_address_id": "/subscriptions/53e27966-3c0c-4161-9b47-3df43eabc630/resourceGroups/first-steps-TFLinux/providers/Microsoft.Network/publicIPAddresses/azterraform-public-ip",
                "subnet_id": "/subscriptions/53e27966-3c0c-4161-9b47-3df43eabc630/resourceGroups/first-steps-TFLinux/providers/Microsoft.Network/virtualNetworks/azterraform-network/subnets/azterraform-internal-1"
              }
            ],
            "location": "westeurope",
            "mac_address": "00-0D-3A-A9-09-19",
            "name": "azterraform-instance1",
            "network_security_group_id": "/subscriptions/53e27966-3c0c-4161-9b47-3df43eabc630/resourceGroups/first-steps-TFLinux/providers/Microsoft.Network/networkSecurityGroups/azterraform-allow-ssh",
            "private_ip_address": "192.168.1.4",
            "private_ip_addresses": [
              "192.168.1.4"
            ],
            "resource_group_name": "first-steps-TFLinux",
            "tags": {},
            "virtual_machine_id": "/subscriptions/53e27966-3c0c-4161-9b47-3df43eabc630/resourceGroups/first-steps-TFLinux/providers/Microsoft.Compute/virtualMachines/azterraform-vm01"
          },
          "private": "bnVsbA==",
          "dependencies": [
            "azurerm_network_security_group.allow-ssh",
            "azurerm_public_ip.Test01-instance",
            "azurerm_resource_group.Test01",
            "azurerm_subnet.Test01-internal-1",
            "azurerm_virtual_network.Test01"
          ]
        }
      ]
    },
    {
      "mode": "managed",
      "type": "azurerm_network_security_group",
      "name": "allow-ssh",
      "provider": "provider.azurerm",
      "instances": [
        {
          "schema_version": 0,
          "attributes": {
            "id": "/subscriptions/53e27966-3c0c-4161-9b47-3df43eabc630/resourceGroups/first-steps-TFLinux/providers/Microsoft.Network/networkSecurityGroups/azterraform-allow-ssh",
            "location": "westeurope",
            "name": "azterraform-allow-ssh",
            "resource_group_name": "first-steps-TFLinux",
            "security_rule": [
              {
                "access": "Allow",
                "description": "",
                "destination_address_prefix": "*",
                "destination_address_prefixes": [],
                "destination_application_security_group_ids": [],
                "destination_port_range": "22",
                "destination_port_ranges": [],
                "direction": "Inbound",
                "name": "SSH",
                "priority": 310,
                "protocol": "Tcp",
                "source_address_prefix": "*",
                "source_address_prefixes": [],
                "source_application_security_group_ids": [],
                "source_port_range": "*",
                "source_port_ranges": []
              }
            ],
            "tags": {}
          },
          "private": "bnVsbA==",
          "dependencies": [
            "azurerm_resource_group.Test01"
          ]
        }
      ]
    },
    {
      "mode": "managed",
      "type": "azurerm_public_ip",
      "name": "Test01-instance",
      "provider": "provider.azurerm",
      "instances": [
        {
          "schema_version": 0,
          "attributes": {
            "allocation_method": "Dynamic",
            "domain_name_label": null,
            "fqdn": null,
            "id": "/subscriptions/53e27966-3c0c-4161-9b47-3df43eabc630/resourceGroups/first-steps-TFLinux/providers/Microsoft.Network/publicIPAddresses/azterraform-public-ip",
            "idle_timeout_in_minutes": 4,
            "ip_address": "40.115.31.0",
            "ip_version": "IPv4",
            "location": "westeurope",
            "name": "azterraform-public-ip",
            "public_ip_address_allocation": "Dynamic",
            "public_ip_prefix_id": null,
            "resource_group_name": "first-steps-TFLinux",
            "reverse_fqdn": null,
            "sku": "Basic",
            "tags": {},
            "zones": []
          }
        }
      ]
    },
    {
      "mode": "managed",
      "type": "azurerm_resource_group",
      "name": "Test01",
      "provider": "provider.azurerm",
      "instances": [
        {
          "schema_version": 0,
          "attributes": {
            "id": "/subscriptions/53e27966-3c0c-4161-9b47-3df43eabc630/resourceGroups/first-steps-TFLinux",
            "location": "westeurope",
            "name": "first-steps-TFLinux",
            "tags": {}
          },
          "private": "bnVsbA=="
        }
      ]
    },
    {
      "mode": "managed",
      "type": "azurerm_subnet",
      "name": "Test01-internal-1",
      "provider": "provider.azurerm",
      "instances": [
        {
          "schema_version": 0,
          "attributes": {
            "address_prefix": "192.168.1.0/26",
            "delegation": [],
            "id": "/subscriptions/53e27966-3c0c-4161-9b47-3df43eabc630/resourceGroups/first-steps-TFLinux/providers/Microsoft.Network/virtualNetworks/azterraform-network/subnets/azterraform-internal-1",
            "ip_configurations": [
              "/subscriptions/53e27966-3c0c-4161-9b47-3df43eabc630/resourceGroups/first-steps-TFLinux/providers/Microsoft.Network/networkInterfaces/azterraform-instance1/ipConfigurations/instance1"
            ],
            "name": "azterraform-internal-1",
            "network_security_group_id": "",
            "resource_group_name": "first-steps-TFLinux",
            "route_table_id": "",
            "service_endpoints": [],
            "virtual_network_name": "azterraform-network"
          },
          "private": "bnVsbA==",
          "dependencies": [
            "azurerm_resource_group.Test01",
            "azurerm_virtual_network.Test01"
          ]
        }
      ]
    },
    {
      "mode": "managed",
      "type": "azurerm_virtual_machine",
      "name": "Test01-instance",
      "provider": "provider.azurerm",
      "instances": [
        {
          "schema_version": 0,
          "attributes": {
            "additional_capabilities": [],
            "availability_set_id": null,
            "boot_diagnostics": [],
            "delete_data_disks_on_termination": true,
            "delete_os_disk_on_termination": true,
            "id": "/subscriptions/53e27966-3c0c-4161-9b47-3df43eabc630/resourceGroups/first-steps-TFLinux/providers/Microsoft.Compute/virtualMachines/azterraform-vm01",
            "identity": [],
            "license_type": null,
            "location": "westeurope",
            "name": "azterraform-vm01",
            "network_interface_ids": [
              "/subscriptions/53e27966-3c0c-4161-9b47-3df43eabc630/resourceGroups/first-steps-TFLinux/providers/Microsoft.Network/networkInterfaces/azterraform-instance1"
            ],
            "os_profile": [
              {
                "admin_password": "",
                "admin_username": "linuxusr",
                "computer_name": "AZVMLinux01",
                "custom_data": ""
              }
            ],
            "os_profile_linux_config": [
              {
                "disable_password_authentication": true,
                "ssh_keys": [
                  {
                    "key_data": "---- BEGIN SSH2 PUBLIC KEY ----\r\nComment: \"rsa-key-20200518\"\r\nAAAAB3NzaC1yc2EAAAABJQAAAQEAiudpX3pNZszPf5FTn64acsEzegMyGEIRV0PT\r\njKpZKoWqbNcm6ky8fKu1c3nbzVciNewftYqOkTn8zflP7AahKxKiB5qD2rUgMgdM\r\nKMapBUAfxN4LlPQgFUdtPR5R4xV5ka5ti95+x5hsh8XrafnH3gzNSWXbQTaP/ZW0\r\nU/b/5d8hJCLM6v1n49kAx1jB/lAE8lD8UWQb9+FTdjOZCfyYvsttTIy4oDr0HWKw\r\nhFsgVFM+yMPlg2rUyOThmhXJOg78mQgXT5Aq4g9kxzrT8KHl5GnFk20knYRMOmZg\r\niyU8iTABdJdurS4Ar5zmdWpt5Sdn5XE6/nX+26udDXzSkia03Q==\r\n---- END SSH2 PUBLIC KEY ----\r\n",
                    "path": "/home/linuxusr/.ssh/authorized_keys"
                  }
                ]
              }
            ],
            "os_profile_secrets": [],
            "os_profile_windows_config": [],
            "plan": [],
            "primary_network_interface_id": null,
            "proximity_placement_group_id": null,
            "resource_group_name": "first-steps-TFLinux",
            "storage_data_disk": [],
            "storage_image_reference": [
              {
                "id": "",
                "offer": "UbuntuServer",
                "publisher": "Canonical",
                "sku": "18.04-LTS",
                "version": "latest"
              }
            ],
            "storage_os_disk": [
              {
                "caching": "ReadWrite",
                "create_option": "FromImage",
                "disk_size_gb": 30,
                "image_uri": "",
                "managed_disk_id": "/subscriptions/53e27966-3c0c-4161-9b47-3df43eabc630/resourceGroups/FIRST-STEPS-TFLINUX/providers/Microsoft.Compute/disks/azterraform-OSdisk01",
                "managed_disk_type": "Standard_LRS",
                "name": "azterraform-OSdisk01",
                "os_type": "Linux",
                "vhd_uri": "",
                "write_accelerator_enabled": false
              }
            ],
            "tags": {},
            "vm_size": "Standard_A1_v2",
            "zones": []
          },
          "private": "bnVsbA==",
          "dependencies": [
            "azurerm_network_interface.Test01-instance",
            "azurerm_network_security_group.allow-ssh",
            "azurerm_public_ip.Test01-instance",
            "azurerm_resource_group.Test01",
            "azurerm_subnet.Test01-internal-1",
            "azurerm_virtual_network.Test01"
          ]
        }
      ]
    },
    {
      "mode": "managed",
      "type": "azurerm_virtual_network",
      "name": "Test01",
      "provider": "provider.azurerm",
      "instances": [
        {
          "schema_version": 0,
          "attributes": {
            "address_space": [
              "192.168.1.0/24"
            ],
            "ddos_protection_plan": [],
            "dns_servers": [],
            "id": "/subscriptions/53e27966-3c0c-4161-9b47-3df43eabc630/resourceGroups/first-steps-TFLinux/providers/Microsoft.Network/virtualNetworks/azterraform-network",
            "location": "westeurope",
            "name": "azterraform-network",
            "resource_group_name": "first-steps-TFLinux",
            "subnet": [
              {
                "address_prefix": "192.168.1.0/26",
                "id": "/subscriptions/53e27966-3c0c-4161-9b47-3df43eabc630/resourceGroups/first-steps-TFLinux/providers/Microsoft.Network/virtualNetworks/azterraform-network/subnets/azterraform-internal-1",
                "name": "azterraform-internal-1",
                "security_group": ""
              }
            ],
            "tags": {}
          },
          "private": "bnVsbA==",
          "dependencies": [
            "azurerm_resource_group.Test01"
          ]
        }
      ]
    }
  ]
}
